
Microsoft Visual Studio Solution File, Format Version 12.00
# Visual Studio Version 17
VisualStudioVersion = 17.11.35222.181
MinimumVisualStudioVersion = 10.0.40219.1
Project("{9A19103F-16F7-4668-BE54-9A1E7A4F7556}") = "Project", "Project\Project.csproj", "{CFE78EE0-4C44-4E40-AF89-434F06701EB3}"
EndProject
Project("{FAE04EC0-301F-11D3-BF4B-00C04F79EFBC}") = "UnitTests", "UnitTests\UnitTests.csproj", "{7CEBC023-8354-4BFE-B92E-6EB617C6F95C}"
EndProject
Global
	GlobalSection(SolutionConfigurationPlatforms) = preSolution
		Debug|Any CPU = Debug|Any CPU
		Release|Any CPU = Release|Any CPU
	EndGlobalSection
	GlobalSection(ProjectConfigurationPlatforms) = postSolution
		{CFE78EE0-4C44-4E40-AF89-434F06701EB3}.Debug|Any CPU.ActiveCfg = Debug|Any CPU
		{CFE78EE0-4C44-4E40-AF89-434F06701EB3}.Debug|Any CPU.Build.0 = Debug|Any CPU
		{CFE78EE0-4C44-4E40-AF89-434F06701EB3}.Release|Any CPU.ActiveCfg = Release|Any CPU
		{CFE78EE0-4C44-4E40-AF89-434F06701EB3}.Release|Any CPU.Build.0 = Release|Any CPU
		{7CEBC023-8354-4BFE-B92E-6EB617C6F95C}.Debug|Any CPU.ActiveCfg = Debug|Any CPU
		{7CEBC023-8354-4BFE-B92E-6EB617C6F95C}.Debug|Any CPU.Build.0 = Debug|Any CPU
		{7CEBC023-8354-4BFE-B92E-6EB617C6F95C}.Release|Any CPU.ActiveCfg = Release|Any CPU
		{7CEBC023-8354-4BFE-B92E-6EB617C6F95C}.Release|Any CPU.Build.0 = Release|Any CPU
	EndGlobalSection
	GlobalSection(SolutionProperties) = preSolution
		HideSolutionNode = FALSE
	EndGlobalSection
	GlobalSection(ExtensibilityGlobals) = postSolution
		SolutionGuid = {3EC0AA13-84ED-4FC5-924C-2C8140C29CEA}
	EndGlobalSection
EndGlobal
